<?xml version="1.0" encoding="utf-8"?>
<Project ToolsVersion="4.0" xmlns="http://schemas.microsoft.com/developer/msbuild/2003">
  <ItemGroup>
    <Filter Include="Resource Files">
      <UniqueIdentifier>{67DA6AB6-F800-4c08-8B7A-83BB121AAD01}</UniqueIdentifier>
      <Extensions>rc;ico;cur;bmp;dlg;rc2;rct;bin;rgs;gif;jpg;jpeg;jpe;resx;tiff;tif;png;wav;mfcribbon-ms</Extensions>
    </Filter>
    <Filter Include="Form Files">
      <UniqueIdentifier>{99349809-55BA-4b9d-BF79-8FDBB0286EB3}</UniqueIdentifier>
      <Extensions>ui</Extensions>
    </Filter>
    <Filter Include="Resource Files">
      <UniqueIdentifier>{D9D6E242-F8AF-46E4-B9FD-80ECBC20BA3E}</UniqueIdentifier>
      <Extensions>qrc;*</Extensions>
      <ParseFiles>false</ParseFiles>
    </Filter>
    <Filter Include="ui">
      <UniqueIdentifier>{4FC737F1-C7A5-4376-A066-2A32D752A2FF}</UniqueIdentifier>
      <Extensions>cpp;c;cc;cxx;def;odl;idl;hpj;bat;asm;asmx</Extensions>
    </Filter>
    <Filter Include="src">
      <UniqueIdentifier>{eb0b43bf-d062-4ec7-a91e-c97936457a44}</UniqueIdentifier>
    </Filter>
    <Filter Include="util">
      <UniqueIdentifier>{93995380-89BD-4b04-88EB-625FBE52EBFB}</UniqueIdentifier>
      <Extensions>h;hh;hpp;hxx;hm;inl;inc;xsd</Extensions>
    </Filter>
    <Filter Include="opengl">
      <UniqueIdentifier>{64d67131-507c-429a-8b75-d93b0482100e}</UniqueIdentifier>
    </Filter>
    <Filter Include="ctrl">
      <UniqueIdentifier>{ca616e75-f2c2-4ac4-b518-c07dcb1ca550}</UniqueIdentifier>
    </Filter>
    <Filter Include="gen">
      <UniqueIdentifier>{07c356b4-c083-43ef-85de-7d02466d2a65}</UniqueIdentifier>
    </Filter>
    <Filter Include="gen\debug">
      <UniqueIdentifier>{160c3009-cd7a-4f72-8c33-5bd4f95556c5}</UniqueIdentifier>
    </Filter>
    <Filter Include="gen\release">
      <UniqueIdentifier>{a4c15b73-b975-4f34-a3b4-4f7645ce8db7}</UniqueIdentifier>
    </Filter>
  </ItemGroup>
  <ItemGroup>
    <ClCompile Include="main.cpp" />
    <ClCompile Include="src\login_widget_manager.cpp">
      <Filter>src</Filter>
    </ClCompile>
    <ClCompile Include="src\teacher_widget_manager.cpp">
      <Filter>src</Filter>
    </ClCompile>
    <ClCompile Include="util\util.cpp">
      <Filter>util</Filter>
    </ClCompile>
    <ClCompile Include="ui\AgoraStudentWidget.cpp">
      <Filter>ui</Filter>
    </ClCompile>
    <ClCompile Include="src\student_widget_manager.cpp">
      <Filter>src</Filter>
    </ClCompile>
    <ClCompile Include="ui\AgoraVideoListWidget.cpp">
      <Filter>ui</Filter>
    </ClCompile>
    <ClCompile Include="ctrl\AgoraChatWidget.cpp">
      <Filter>ctrl</Filter>
    </ClCompile>
    <ClCompile Include="ctrl\AgoraInnerChatContent.cpp">
      <Filter>ctrl</Filter>
    </ClCompile>
    <ClCompile Include="ctrl\AgoraSlider.cpp">
      <Filter>ctrl</Filter>
    </ClCompile>
    <ClCompile Include="ctrl\AgoraVideoWidget.cpp">
      <Filter>ctrl</Filter>
    </ClCompile>
    <ClCompile Include="ctrl\AgoraVolumeWidget.cpp">
      <Filter>ctrl</Filter>
    </ClCompile>
    <ClCompile Include="ui\AgoraSelectShareDlg.cpp">
      <Filter>ui</Filter>
    </ClCompile>
    <ClCompile Include="ui\AgoraClassRoomListWidget.cpp">
      <Filter>ui</Filter>
    </ClCompile>
    <ClCompile Include="ui\AgoraClassroomWidget.cpp">
      <Filter>ui</Filter>
    </ClCompile>
    <ClCompile Include="ui\AgoraLoginWidget.cpp">
      <Filter>ui</Filter>
    </ClCompile>
    <ClCompile Include="ui\AgoraSettingDialog.cpp">
      <Filter>ui</Filter>
    </ClCompile>
    <ClCompile Include="ui\AgoraTipsDialog.cpp">
      <Filter>ui</Filter>
    </ClCompile>
    <ClCompile Include="ui\AgoraTeacherWidget.cpp">
      <Filter>ui</Filter>
    </ClCompile>
    <ClCompile Include="ctrl\video_render_opengl.cpp">
      <Filter>opengl</Filter>
    </ClCompile>
    <ClCompile Include="GeneratedFiles\Debug\moc_AgoraChatWidget.cpp">
      <Filter>gen\debug</Filter>
    </ClCompile>
    <ClCompile Include="GeneratedFiles\Debug\moc_AgoraClassRoomListWidget.cpp">
      <Filter>gen\debug</Filter>
    </ClCompile>
    <ClCompile Include="GeneratedFiles\Debug\moc_AgoraClassroomWidget.cpp">
      <Filter>gen\debug</Filter>
    </ClCompile>
    <ClCompile Include="GeneratedFiles\Debug\moc_AgoraInnerChatContent.cpp">
      <Filter>gen\debug</Filter>
    </ClCompile>
    <ClCompile Include="GeneratedFiles\Debug\moc_AgoraLoginWidget.cpp">
      <Filter>gen\debug</Filter>
    </ClCompile>
    <ClCompile Include="GeneratedFiles\Debug\moc_AgoraSelectShareDlg.cpp">
      <Filter>gen\debug</Filter>
    </ClCompile>
    <ClCompile Include="GeneratedFiles\Debug\moc_AgoraSettingDialog.cpp">
      <Filter>gen\debug</Filter>
    </ClCompile>
    <ClCompile Include="GeneratedFiles\Debug\moc_AgoraSlider.cpp">
      <Filter>gen\debug</Filter>
    </ClCompile>
    <ClCompile Include="GeneratedFiles\Debug\moc_AgoraStudentWidget.cpp">
      <Filter>gen\debug</Filter>
    </ClCompile>
    <ClCompile Include="GeneratedFiles\Debug\moc_AgoraTeacherWidget.cpp">
      <Filter>gen\debug</Filter>
    </ClCompile>
    <ClCompile Include="GeneratedFiles\Debug\moc_AgoraTipsDialog.cpp">
      <Filter>gen\debug</Filter>
    </ClCompile>
    <ClCompile Include="GeneratedFiles\Debug\moc_AgoraVideoListWidget.cpp">
      <Filter>gen\debug</Filter>
    </ClCompile>
    <ClCompile Include="GeneratedFiles\Debug\moc_AgoraVideoWidget.cpp">
      <Filter>gen\debug</Filter>
    </ClCompile>
    <ClCompile Include="GeneratedFiles\Debug\moc_AgoraVolumeWidget.cpp">
      <Filter>gen\debug</Filter>
    </ClCompile>
    <ClCompile Include="GeneratedFiles\Debug\moc_login_widget_manager.cpp">
      <Filter>gen\debug</Filter>
    </ClCompile>
    <ClCompile Include="GeneratedFiles\Debug\moc_student_widget_manager.cpp">
      <Filter>gen\debug</Filter>
    </ClCompile>
    <ClCompile Include="GeneratedFiles\Debug\moc_teacher_widget_manager.cpp">
      <Filter>gen\debug</Filter>
    </ClCompile>
    <ClCompile Include="GeneratedFiles\qrc_agora_edu_demo.cpp">
      <Filter>gen</Filter>
    </ClCompile>
    <ClCompile Include="GeneratedFiles\Release\moc_AgoraChatWidget.cpp">
      <Filter>gen\release</Filter>
    </ClCompile>
    <ClCompile Include="GeneratedFiles\Release\moc_AgoraClassRoomListWidget.cpp">
      <Filter>gen\release</Filter>
    </ClCompile>
    <ClCompile Include="GeneratedFiles\Release\moc_AgoraClassroomWidget.cpp">
      <Filter>gen\release</Filter>
    </ClCompile>
    <ClCompile Include="GeneratedFiles\Release\moc_AgoraInnerChatContent.cpp">
      <Filter>gen\release</Filter>
    </ClCompile>
    <ClCompile Include="GeneratedFiles\Release\moc_AgoraLoginWidget.cpp">
      <Filter>gen\release</Filter>
    </ClCompile>
    <ClCompile Include="GeneratedFiles\Release\moc_AgoraSelectShareDlg.cpp">
      <Filter>gen\release</Filter>
    </ClCompile>
    <ClCompile Include="GeneratedFiles\Release\moc_AgoraSettingDialog.cpp">
      <Filter>gen\release</Filter>
    </ClCompile>
    <ClCompile Include="GeneratedFiles\Release\moc_AgoraSlider.cpp">
      <Filter>gen\release</Filter>
    </ClCompile>
    <ClCompile Include="GeneratedFiles\Release\moc_AgoraStudentWidget.cpp">
      <Filter>gen\release</Filter>
    </ClCompile>
    <ClCompile Include="GeneratedFiles\Release\moc_AgoraTeacherWidget.cpp">
      <Filter>gen\release</Filter>
    </ClCompile>
    <ClCompile Include="GeneratedFiles\Release\moc_AgoraTipsDialog.cpp">
      <Filter>gen\release</Filter>
    </ClCompile>
    <ClCompile Include="GeneratedFiles\Release\moc_AgoraVideoListWidget.cpp">
      <Filter>gen\release</Filter>
    </ClCompile>
    <ClCompile Include="GeneratedFiles\Release\moc_AgoraVideoWidget.cpp">
      <Filter>gen\release</Filter>
    </ClCompile>
    <ClCompile Include="GeneratedFiles\Release\moc_AgoraVolumeWidget.cpp">
      <Filter>gen\release</Filter>
    </ClCompile>
    <ClCompile Include="GeneratedFiles\Release\moc_login_widget_manager.cpp">
      <Filter>gen\release</Filter>
    </ClCompile>
    <ClCompile Include="GeneratedFiles\Release\moc_student_widget_manager.cpp">
      <Filter>gen\release</Filter>
    </ClCompile>
    <ClCompile Include="GeneratedFiles\Release\moc_teacher_widget_manager.cpp">
      <Filter>gen\release</Filter>
    </ClCompile>
  </ItemGroup>
  <ItemGroup>
    <ClInclude Include="util\util.h">
      <Filter>util</Filter>
    </ClInclude>
    <ClInclude Include="GeneratedFiles\ui_AgoraChatWidget.h">
      <Filter>gen</Filter>
    </ClInclude>
    <ClInclude Include="GeneratedFiles\ui_AgoraClassroomListWidget.h">
      <Filter>gen</Filter>
    </ClInclude>
    <ClInclude Include="GeneratedFiles\ui_AgoraClassroomWidget.h">
      <Filter>gen</Filter>
    </ClInclude>
    <ClInclude Include="GeneratedFiles\ui_AgoraLoginWidget.h">
      <Filter>gen</Filter>
    </ClInclude>
    <ClInclude Include="GeneratedFiles\ui_AgoraSelectShareDlg.h">
      <Filter>gen</Filter>
    </ClInclude>
    <ClInclude Include="GeneratedFiles\ui_AgoraSettingDialog.h">
      <Filter>gen</Filter>
    </ClInclude>
    <ClInclude Include="GeneratedFiles\ui_AgoraStudentWidget.h">
      <Filter>gen</Filter>
    </ClInclude>
    <ClInclude Include="GeneratedFiles\ui_AgoraTeacherWidget.h">
      <Filter>gen</Filter>
    </ClInclude>
    <ClInclude Include="GeneratedFiles\ui_AgoraVideoListWidget.h">
      <Filter>gen</Filter>
    </ClInclude>
    <ClInclude Include="GeneratedFiles\ui_AgoraTipsWidget.h">
      <Filter>gen</Filter>
    </ClInclude>
  </ItemGroup>
  <ItemGroup>
    <ResourceCompile Include="resource\agora_edu_demo.rc">
      <Filter>Resource Files</Filter>
    </ResourceCompile>
  </ItemGroup>
  <ItemGroup>
    <CustomBuild Include="ui\AgoraChatWidget.ui">
      <Filter>Form Files</Filter>
    </CustomBuild>
    <CustomBuild Include="ui\AgoraSelectShareDlg.ui">
      <Filter>Form Files</Filter>
    </CustomBuild>
    <CustomBuild Include="ui\AgoraStudentWidget.ui">
      <Filter>Form Files</Filter>
    </CustomBuild>
    <CustomBuild Include="ui\AgoraTeacherWidget.ui">
      <Filter>Form Files</Filter>
    </CustomBuild>
    <CustomBuild Include="ui\AgoraVideoListWidget.ui">
      <Filter>Form Files</Filter>
    </CustomBuild>
    <CustomBuild Include="ui\AgoraClassroomWidget.ui">
      <Filter>Form Files</Filter>
    </CustomBuild>
    <CustomBuild Include="ui\AgoraClassroomListWidget.ui">
      <Filter>Form Files</Filter>
    </CustomBuild>
    <CustomBuild Include="ui\AgoraLoginWidget.ui">
      <Filter>Form Files</Filter>
    </CustomBuild>
    <CustomBuild Include="ui\AgoraSettingDialog.ui">
      <Filter>Form Files</Filter>
    </CustomBuild>
    <CustomBuild Include="ui\AgoraTipsWidget.ui">
      <Filter>Form Files</Filter>
    </CustomBuild>
    <CustomBuild Include="ui\AgoraClassRoomListWidget.h">
      <Filter>ui</Filter>
    </CustomBuild>
    <CustomBuild Include="ui\AgoraLoginWidget.h">
      <Filter>ui</Filter>
    </CustomBuild>
    <CustomBuild Include="ui\AgoraSelectShareDlg.h">
      <Filter>ui</Filter>
    </CustomBuild>
    <CustomBuild Include="src\student_widget_manager.h">
      <Filter>src</Filter>
    </CustomBuild>
    <CustomBuild Include="src\teacher_widget_manager.h">
      <Filter>src</Filter>
    </CustomBuild>
    <CustomBuild Include="src\login_widget_manager.h">
      <Filter>src</Filter>
    </CustomBuild>
    <CustomBuild Include="ui\AgoraStudentWidget.h">
      <Filter>ui</Filter>
    </CustomBuild>
    <CustomBuild Include="ui\AgoraTeacherWidget.h">
      <Filter>ui</Filter>
    </CustomBuild>
    <CustomBuild Include="ui\AgoraVideoListWidget.h">
      <Filter>ui</Filter>
    </CustomBuild>
    <CustomBuild Include="ui\AgoraTipsDialog.h">
      <Filter>ui</Filter>
    </CustomBuild>
    <CustomBuild Include="ctrl\AgoraVideoWidget.h">
      <Filter>ctrl</Filter>
    </CustomBuild>
    <CustomBuild Include="ctrl\AgoraSlider.h">
      <Filter>ctrl</Filter>
    </CustomBuild>
    <CustomBuild Include="ctrl\AgoraVolumeWidget.h">
      <Filter>ctrl</Filter>
    </CustomBuild>
    <CustomBuild Include="ctrl\AgoraChatWidget.h">
      <Filter>ctrl</Filter>
    </CustomBuild>
    <CustomBuild Include="ctrl\AgoraInnerChatContent.h">
      <Filter>ctrl</Filter>
    </CustomBuild>
    <CustomBuild Include="agora_edu_demo.qrc">
      <Filter>Resource Files</Filter>
    </CustomBuild>
    <CustomBuild Include="ui\AgoraClassroomWidget.h">
      <Filter>ui</Filter>
    </CustomBuild>
    <CustomBuild Include="ui\AgoraSettingDialog.h">
      <Filter>ui</Filter>
    </CustomBuild>
  </ItemGroup>
</Project>